Microsoft Visual Studio Solution File, Format Version 12.00
# Visual Studio Version 17
VisualStudioVersion = 17.13.35806.99
MinimumVisualStudioVersion = 10.0.40219.1
Project("{FAE04EC0-301F-11D3-BF4B-00C04F79EFBC}") = "AutomationExerciseII", "AutomationExerciseII\AutomationExerciseII.csproj", "{859AB882-7240-4DE9-8C11-4D1C1D7818C3}"
EndProject
Global
	GlobalSection(SolutionConfigurationPlatforms) = preSolution
		Debug|Any CPU = Debug|Any CPU
		Release|Any CPU = Release|Any CPU
	EndGlobalSection
	GlobalSection(ProjectConfigurationPlatforms) = postSolution
		{859AB882-7240-4DE9-8C11-4D1C1D7818C3}.Debug|Any CPU.ActiveCfg = Debug|Any CPU
		{859AB882-7240-4DE9-8C11-4D1C1D7818C3}.Debug|Any CPU.Build.0 = Debug|Any CPU
		{859AB882-7240-4DE9-8C11-4D1C1D7818C3}.Release|Any CPU.ActiveCfg = Release|Any CPU
		{859AB882-7240-4DE9-8C11-4D1C1D7818C3}.Release|Any CPU.Build.0 = Release|Any CPU
	EndGlobalSection
	GlobalSection(SolutionProperties) = preSolution
		HideSolutionNode = FALSE
	EndGlobalSection
	GlobalSection(ExtensibilityGlobals) = postSolution
		SolutionGuid = {DDBB7CED-681E-4B6B-92D3-8D7E6959C1D5}
	EndGlobalSection
EndGlobal
